
Microsoft Visual Studio Solution File, Format Version 12.00
# Visual Studio 14
VisualStudioVersion = 14.0.23107.0
MinimumVisualStudioVersion = 10.0.40219.1
Project("{E24C65DC-7377-472B-9ABA-BC803B73C61A}") = "ninjatek", "http://localhost:47697", "{DE94502B-6C63-4E8F-902A-EE30D51BB314}"
	ProjectSection(WebsiteProperties) = preProject
		UseIISExpress = "true"
		TargetFrameworkMoniker = ".NETFramework,Version%3Dv4.5"
		Debug.AspNetCompiler.VirtualPath = "/localhost_47697"
		Debug.AspNetCompiler.PhysicalPath = "D:\Programming\ninjatek\"
		Debug.AspNetCompiler.TargetPath = "PrecompiledWeb\localhost_47697\"
		Debug.AspNetCompiler.Updateable = "true"
		Debug.AspNetCompiler.ForceOverwrite = "true"
		Debug.AspNetCompiler.FixedNames = "false"
		Debug.AspNetCompiler.Debug = "True"
		Release.AspNetCompiler.VirtualPath = "/localhost_47697"
		Release.AspNetCompiler.PhysicalPath = "D:\Programming\ninjatek\"
		Release.AspNetCompiler.TargetPath = "PrecompiledWeb\localhost_47697\"
		Release.AspNetCompiler.Updateable = "true"
		Release.AspNetCompiler.ForceOverwrite = "true"
		Release.AspNetCompiler.FixedNames = "false"
		Release.AspNetCompiler.Debug = "False"
		SlnRelativePath = "D:\Programming\ninjatek\"
	EndProjectSection
EndProject
Global
	GlobalSection(SolutionConfigurationPlatforms) = preSolution
		Debug|Any CPU = Debug|Any CPU
	EndGlobalSection
	GlobalSection(ProjectConfigurationPlatforms) = postSolution
		{DE94502B-6C63-4E8F-902A-EE30D51BB314}.Debug|Any CPU.ActiveCfg = Debug|Any CPU
		{DE94502B-6C63-4E8F-902A-EE30D51BB314}.Debug|Any CPU.Build.0 = Debug|Any CPU
	EndGlobalSection
	GlobalSection(SolutionProperties) = preSolution
		HideSolutionNode = FALSE
	EndGlobalSection
EndGlobal
